
Microsoft Visual Studio Solution File, Format Version 12.00
# Visual Studio Version 17
VisualStudioVersion = 17.7.34018.315
MinimumVisualStudioVersion = 10.0.40219.1
Project("{FAE04EC0-301F-11D3-BF4B-00C04F79EFBC}") = "PCBookCatalog", "PCBookCatalog\PCBookCatalog.csproj", "{4F8AC9DE-A140-4EB7-904B-F78810CE10F9}"
EndProject
Global
	GlobalSection(SolutionConfigurationPlatforms) = preSolution
		Debug|Any CPU = Debug|Any CPU
		Release|Any CPU = Release|Any CPU
	EndGlobalSection
	GlobalSection(ProjectConfigurationPlatforms) = postSolution
		{4F8AC9DE-A140-4EB7-904B-F78810CE10F9}.Debug|Any CPU.ActiveCfg = Debug|Any CPU
		{4F8AC9DE-A140-4EB7-904B-F78810CE10F9}.Debug|Any CPU.Build.0 = Debug|Any CPU
		{4F8AC9DE-A140-4EB7-904B-F78810CE10F9}.Release|Any CPU.ActiveCfg = Release|Any CPU
		{4F8AC9DE-A140-4EB7-904B-F78810CE10F9}.Release|Any CPU.Build.0 = Release|Any CPU
	EndGlobalSection
	GlobalSection(SolutionProperties) = preSolution
		HideSolutionNode = FALSE
	EndGlobalSection
	GlobalSection(ExtensibilityGlobals) = postSolution
		SolutionGuid = {8B71FDCE-1D83-43F7-976D-049F1D7599F3}
	EndGlobalSection
EndGlobal
