
Microsoft Visual Studio Solution File, Format Version 12.00
# Visual Studio Version 17
VisualStudioVersion = 17.5.33414.496
MinimumVisualStudioVersion = 10.0.40219.1
Project("{9A19103F-16F7-4668-BE54-9A1E7A4F7556}") = "Business", "Business\Business.csproj", "{2B9B1246-88D7-412B-9245-EF764F297A61}"
EndProject
Project("{9A19103F-16F7-4668-BE54-9A1E7A4F7556}") = "Data", "Data\Data.csproj", "{300938A0-65E0-468C-9414-9447A9ACD449}"
EndProject
Project("{9A19103F-16F7-4668-BE54-9A1E7A4F7556}") = "Display1", "Display1\Display1.csproj", "{E38CD33E-ED50-45D8-8B29-8090BB102151}"
EndProject
Project("{FAE04EC0-301F-11D3-BF4B-00C04F79EFBC}") = "TestProject", "TestProject\TestProject.csproj", "{A7BDF878-FDAE-4FC7-93C6-136D50A944E3}"
EndProject
Global
	GlobalSection(SolutionConfigurationPlatforms) = preSolution
		Debug|Any CPU = Debug|Any CPU
		Release|Any CPU = Release|Any CPU
	EndGlobalSection
	GlobalSection(ProjectConfigurationPlatforms) = postSolution
		{2B9B1246-88D7-412B-9245-EF764F297A61}.Debug|Any CPU.ActiveCfg = Debug|Any CPU
		{2B9B1246-88D7-412B-9245-EF764F297A61}.Debug|Any CPU.Build.0 = Debug|Any CPU
		{2B9B1246-88D7-412B-9245-EF764F297A61}.Release|Any CPU.ActiveCfg = Release|Any CPU
		{2B9B1246-88D7-412B-9245-EF764F297A61}.Release|Any CPU.Build.0 = Release|Any CPU
		{300938A0-65E0-468C-9414-9447A9ACD449}.Debug|Any CPU.ActiveCfg = Debug|Any CPU
		{300938A0-65E0-468C-9414-9447A9ACD449}.Debug|Any CPU.Build.0 = Debug|Any CPU
		{300938A0-65E0-468C-9414-9447A9ACD449}.Release|Any CPU.ActiveCfg = Release|Any CPU
		{300938A0-65E0-468C-9414-9447A9ACD449}.Release|Any CPU.Build.0 = Release|Any CPU
		{E38CD33E-ED50-45D8-8B29-8090BB102151}.Debug|Any CPU.ActiveCfg = Debug|Any CPU
		{E38CD33E-ED50-45D8-8B29-8090BB102151}.Debug|Any CPU.Build.0 = Debug|Any CPU
		{E38CD33E-ED50-45D8-8B29-8090BB102151}.Release|Any CPU.ActiveCfg = Release|Any CPU
		{E38CD33E-ED50-45D8-8B29-8090BB102151}.Release|Any CPU.Build.0 = Release|Any CPU
		{A7BDF878-FDAE-4FC7-93C6-136D50A944E3}.Debug|Any CPU.ActiveCfg = Debug|Any CPU
		{A7BDF878-FDAE-4FC7-93C6-136D50A944E3}.Debug|Any CPU.Build.0 = Debug|Any CPU
		{A7BDF878-FDAE-4FC7-93C6-136D50A944E3}.Release|Any CPU.ActiveCfg = Release|Any CPU
		{A7BDF878-FDAE-4FC7-93C6-136D50A944E3}.Release|Any CPU.Build.0 = Release|Any CPU
	EndGlobalSection
	GlobalSection(SolutionProperties) = preSolution
		HideSolutionNode = FALSE
	EndGlobalSection
	GlobalSection(ExtensibilityGlobals) = postSolution
		SolutionGuid = {8B71FDCE-1D83-43F7-976D-049F1D7599F3}
	EndGlobalSection
EndGlobal
